
Microsoft Visual Studio Solution File, Format Version 12.00
# Visual Studio Version 17
VisualStudioVersion = 17.2.32616.157
MinimumVisualStudioVersion = 10.0.40219.1
Project("{9A19103F-16F7-4668-BE54-9A1E7A4F7556}") = "Contractor.CLI", "Contractor.CLI\Contractor.CLI.csproj", "{70859006-A56D-44D8-9A9C-3951823BD7B0}"
EndProject
Project("{9A19103F-16F7-4668-BE54-9A1E7A4F7556}") = "Contractor.Core", "Contractor.Core\Contractor.Core.csproj", "{3BD8CACC-2C04-46DA-9D19-CF87FF86A15B}"
EndProject
Project("{FAE04EC0-301F-11D3-BF4B-00C04F79EFBC}") = "Contractor.Migrator", "Contractor.Migrator\Contractor.Migrator.csproj", "{2AA1C2B4-AAE5-466B-9C28-F1B14CBF70E4}"
EndProject
Global
	GlobalSection(SolutionConfigurationPlatforms) = preSolution
		Debug|Any CPU = Debug|Any CPU
		Release|Any CPU = Release|Any CPU
	EndGlobalSection
	GlobalSection(ProjectConfigurationPlatforms) = postSolution
		{70859006-A56D-44D8-9A9C-3951823BD7B0}.Debug|Any CPU.ActiveCfg = Debug|Any CPU
		{70859006-A56D-44D8-9A9C-3951823BD7B0}.Debug|Any CPU.Build.0 = Debug|Any CPU
		{70859006-A56D-44D8-9A9C-3951823BD7B0}.Release|Any CPU.ActiveCfg = Release|Any CPU
		{70859006-A56D-44D8-9A9C-3951823BD7B0}.Release|Any CPU.Build.0 = Release|Any CPU
		{3BD8CACC-2C04-46DA-9D19-CF87FF86A15B}.Debug|Any CPU.ActiveCfg = Debug|Any CPU
		{3BD8CACC-2C04-46DA-9D19-CF87FF86A15B}.Debug|Any CPU.Build.0 = Debug|Any CPU
		{3BD8CACC-2C04-46DA-9D19-CF87FF86A15B}.Release|Any CPU.ActiveCfg = Release|Any CPU
		{3BD8CACC-2C04-46DA-9D19-CF87FF86A15B}.Release|Any CPU.Build.0 = Release|Any CPU
		{2AA1C2B4-AAE5-466B-9C28-F1B14CBF70E4}.Debug|Any CPU.ActiveCfg = Debug|Any CPU
		{2AA1C2B4-AAE5-466B-9C28-F1B14CBF70E4}.Debug|Any CPU.Build.0 = Debug|Any CPU
		{2AA1C2B4-AAE5-466B-9C28-F1B14CBF70E4}.Release|Any CPU.ActiveCfg = Release|Any CPU
		{2AA1C2B4-AAE5-466B-9C28-F1B14CBF70E4}.Release|Any CPU.Build.0 = Release|Any CPU
	EndGlobalSection
	GlobalSection(SolutionProperties) = preSolution
		HideSolutionNode = FALSE
	EndGlobalSection
	GlobalSection(ExtensibilityGlobals) = postSolution
		SolutionGuid = {C0BE6DCA-A2F8-444A-A597-CEF7A48E938C}
	EndGlobalSection
EndGlobal
